// !$*UTF8*$!
{
	archiveVersion = 1;
	classes = {
	};
	objectVersion = 46;
	objects = {

/* Begin PBXBuildFile section */
		181320A01E9F73D200B8520B /* main.m in Sources */ = {isa = PBXBuildFile; fileRef = 1813209F1E9F73D200B8520B /* main.m */; };
		181320A31E9F73D200B8520B /* AppDelegate.m in Sources */ = {isa = PBXBuildFile; fileRef = 181320A21E9F73D200B8520B /* AppDelegate.m */; };
		181320A61E9F73D200B8520B /* ViewController.m in Sources */ = {isa = PBXBuildFile; fileRef = 181320A51E9F73D200B8520B /* ViewController.m */; };
		181320A91E9F73D200B8520B /* Main.storyboard in Resources */ = {isa = PBXBuildFile; fileRef = 181320A71E9F73D200B8520B /* Main.storyboard */; };
		181320AB1E9F73D200B8520B /* Assets.xcassets in Resources */ = {isa = PBXBuildFile; fileRef = 181320AA1E9F73D200B8520B /* Assets.xcassets */; };
		181320AE1E9F73D200B8520B /* LaunchScreen.storyboard in Resources */ = {isa = PBXBuildFile; fileRef = 181320AC1E9F73D200B8520B /* LaunchScreen.storyboard */; };
		181320BE1E9F743D00B8520B /* PopContentView.m in Sources */ = {isa = PBXBuildFile; fileRef = 181320B71E9F743D00B8520B /* PopContentView.m */; };
		181320BF1E9F743D00B8520B /* NSTimer+timerBlock.m in Sources */ = {isa = PBXBuildFile; fileRef = 181320BA1E9F743D00B8520B /* NSTimer+timerBlock.m */; };
		181320C01E9F743D00B8520B /* ZZCircleProgress.bundle in Resources */ = {isa = PBXBuildFile; fileRef = 181320BB1E9F743D00B8520B /* ZZCircleProgress.bundle */; };
		181320C11E9F743D00B8520B /* ZZCircleProgress.m in Sources */ = {isa = PBXBuildFile; fileRef = 181320BD1E9F743D00B8520B /* ZZCircleProgress.m */; };
		181320C81E9F745100B8520B /* DemoViewController.m in Sources */ = {isa = PBXBuildFile; fileRef = 181320C31E9F745100B8520B /* DemoViewController.m */; };
		181320C91E9F745100B8520B /* LoadView.m in Sources */ = {isa = PBXBuildFile; fileRef = 181320C51E9F745100B8520B /* LoadView.m */; };
		181320CA1E9F745100B8520B /* UIViewController+CircleLoading.m in Sources */ = {isa = PBXBuildFile; fileRef = 181320C71E9F745100B8520B /* UIViewController+CircleLoading.m */; };
		5E447AE16AE9AEB0D6C28A70 /* libPods-WealthLoading.a in Frameworks */ = {isa = PBXBuildFile; fileRef = 253660829F535EBED4D0A077 /* libPods-WealthLoading.a */; };
/* End PBXBuildFile section */

/* Begin PBXFileReference section */
		14DC91FAA9E4331746668DDE /* Pods-WealthLoading.release.xcconfig */ = {isa = PBXFileReference; includeInIndex = 1; lastKnownFileType = text.xcconfig; name = "Pods-WealthLoading.release.xcconfig"; path = "Pods/Target Support Files/Pods-WealthLoading/Pods-WealthLoading.release.xcconfig"; sourceTree = "<group>"; };
		1813209B1E9F73D200B8520B /* WealthLoading.app */ = {isa = PBXFileReference; explicitFileType = wrapper.application; includeInIndex = 0; path = WealthLoading.app; sourceTree = BUILT_PRODUCTS_DIR; };
		1813209F1E9F73D200B8520B /* main.m */ = {isa = PBXFileReference; lastKnownFileType = sourcecode.c.objc; path = main.m; sourceTree = "<group>"; };
		181320A11E9F73D200B8520B /* AppDelegate.h */ = {isa = PBXFileReference; lastKnownFileType = sourcecode.c.h; path = AppDelegate.h; sourceTree = "<group>"; };
		181320A21E9F73D200B8520B /* AppDelegate.m */ = {isa = PBXFileReference; lastKnownFileType = sourcecode.c.objc; path = AppDelegate.m; sourceTree = "<group>"; };
		181320A41E9F73D200B8520B /* ViewController.h */ = {isa = PBXFileReference; lastKnownFileType = sourcecode.c.h; path = ViewController.h; sourceTree = "<group>"; };
		181320A51E9F73D200B8520B /* ViewController.m */ = {isa = PBXFileReference; lastKnownFileType = sourcecode.c.objc; path = ViewController.m; sourceTree = "<group>"; };
		181320A81E9F73D200B8520B /* Base */ = {isa = PBXFileReference; lastKnownFileType = file.storyboard; name = Base; path = Base.lproj/Main.storyboard; sourceTree = "<group>"; };
		181320AA1E9F73D200B8520B /* Assets.xcassets */ = {isa = PBXFileReference; lastKnownFileType = folder.assetcatalog; path = Assets.xcassets; sourceTree = "<group>"; };
		181320AD1E9F73D200B8520B /* Base */ = {isa = PBXFileReference; lastKnownFileType = file.storyboard; name = Base; path = Base.lproj/LaunchScreen.storyboard; sourceTree = "<group>"; };
		181320AF1E9F73D200B8520B /* Info.plist */ = {isa = PBXFileReference; lastKnownFileType = text.plist.xml; path = Info.plist; sourceTree = "<group>"; };
		181320B61E9F743D00B8520B /* PopContentView.h */ = {isa = PBXFileReference; fileEncoding = 4; lastKnownFileType = sourcecode.c.h; path = PopContentView.h; sourceTree = "<group>"; };
		181320B71E9F743D00B8520B /* PopContentView.m */ = {isa = PBXFileReference; fileEncoding = 4; lastKnownFileType = sourcecode.c.objc; path = PopContentView.m; sourceTree = "<group>"; };
		181320B91E9F743D00B8520B /* NSTimer+timerBlock.h */ = {isa = PBXFileReference; fileEncoding = 4; lastKnownFileType = sourcecode.c.h; path = "NSTimer+timerBlock.h"; sourceTree = "<group>"; };
		181320BA1E9F743D00B8520B /* NSTimer+timerBlock.m */ = {isa = PBXFileReference; fileEncoding = 4; lastKnownFileType = sourcecode.c.objc; path = "NSTimer+timerBlock.m"; sourceTree = "<group>"; };
		181320BB1E9F743D00B8520B /* ZZCircleProgress.bundle */ = {isa = PBXFileReference; lastKnownFileType = "wrapper.plug-in"; path = ZZCircleProgress.bundle; sourceTree = "<group>"; };
		181320BC1E9F743D00B8520B /* ZZCircleProgress.h */ = {isa = PBXFileReference; fileEncoding = 4; lastKnownFileType = sourcecode.c.h; path = ZZCircleProgress.h; sourceTree = "<group>"; };
		181320BD1E9F743D00B8520B /* ZZCircleProgress.m */ = {isa = PBXFileReference; fileEncoding = 4; lastKnownFileType = sourcecode.c.objc; path = ZZCircleProgress.m; sourceTree = "<group>"; };
		181320C21E9F745100B8520B /* DemoViewController.h */ = {isa = PBXFileReference; fileEncoding = 4; lastKnownFileType = sourcecode.c.h; path = DemoViewController.h; sourceTree = "<group>"; };
		181320C31E9F745100B8520B /* DemoViewController.m */ = {isa = PBXFileReference; fileEncoding = 4; lastKnownFileType = sourcecode.c.objc; path = DemoViewController.m; sourceTree = "<group>"; };
		181320C41E9F745100B8520B /* LoadView.h */ = {isa = PBXFileReference; fileEncoding = 4; lastKnownFileType = sourcecode.c.h; path = LoadView.h; sourceTree = "<group>"; };
		181320C51E9F745100B8520B /* LoadView.m */ = {isa = PBXFileReference; fileEncoding = 4; lastKnownFileType = sourcecode.c.objc; path = LoadView.m; sourceTree = "<group>"; };
		181320C61E9F745100B8520B /* UIViewController+CircleLoading.h */ = {isa = PBXFileReference; fileEncoding = 4; lastKnownFileType = sourcecode.c.h; path = "UIViewController+CircleLoading.h"; sourceTree = "<group>"; };
		181320C71E9F745100B8520B /* UIViewController+CircleLoading.m */ = {isa = PBXFileReference; fileEncoding = 4; lastKnownFileType = sourcecode.c.objc; path = "UIViewController+CircleLoading.m"; sourceTree = "<group>"; };
		253660829F535EBED4D0A077 /* libPods-WealthLoading.a */ = {isa = PBXFileReference; explicitFileType = archive.ar; includeInIndex = 0; path = "libPods-WealthLoading.a"; sourceTree = BUILT_PRODUCTS_DIR; };
		FF5AF4E7B9A05824BA138D29 /* Pods-WealthLoading.debug.xcconfig */ = {isa = PBXFileReference; includeInIndex = 1; lastKnownFileType = text.xcconfig; name = "Pods-WealthLoading.debug.xcconfig"; path = "Pods/Target Support Files/Pods-WealthLoading/Pods-WealthLoading.debug.xcconfig"; sourceTree = "<group>"; };
/* End PBXFileReference section */

/* Begin PBXFrameworksBuildPhase section */
		181320981E9F73D200B8520B /* Frameworks */ = {
			isa = PBXFrameworksBuildPhase;
			buildActionMask = 2147483647;
			files = (
				5E447AE16AE9AEB0D6C28A70 /* libPods-WealthLoading.a in Frameworks */,
			);
			runOnlyForDeploymentPostprocessing = 0;
		};
/* End PBXFrameworksBuildPhase section */

/* Begin PBXGroup section */
		181320921E9F73D200B8520B = {
			isa = PBXGroup;
			children = (
				181320B51E9F743D00B8520B /* PopContentView */,
				181320B81E9F743D00B8520B /* ZZCircleProgress */,
				1813209D1E9F73D200B8520B /* WealthLoading */,
				1813209C1E9F73D200B8520B /* Products */,
				28D2A790AE5C7EA628450771 /* Pods */,
				D711C95CB46563F16F024DCC /* Frameworks */,
			);
			sourceTree = "<group>";
		};
		1813209C1E9F73D200B8520B /* Products */ = {
			isa = PBXGroup;
			children = (
				1813209B1E9F73D200B8520B /* WealthLoading.app */,
			);
			name = Products;
			sourceTree = "<group>";
		};
		1813209D1E9F73D200B8520B /* WealthLoading */ = {
			isa = PBXGroup;
			children = (
				181320C21E9F745100B8520B /* DemoViewController.h */,
				181320C31E9F745100B8520B /* DemoViewController.m */,
				181320C41E9F745100B8520B /* LoadView.h */,
				181320C51E9F745100B8520B /* LoadView.m */,
				181320C61E9F745100B8520B /* UIViewController+CircleLoading.h */,
				181320C71E9F745100B8520B /* UIViewController+CircleLoading.m */,
				181320A11E9F73D200B8520B /* AppDelegate.h */,
				181320A21E9F73D200B8520B /* AppDelegate.m */,
				181320A41E9F73D200B8520B /* ViewController.h */,
				181320A51E9F73D200B8520B /* ViewController.m */,
				181320A71E9F73D200B8520B /* Main.storyboard */,
				181320AA1E9F73D200B8520B /* Assets.xcassets */,
				181320AC1E9F73D200B8520B /* LaunchScreen.storyboard */,
				181320AF1E9F73D200B8520B /* Info.plist */,
				1813209E1E9F73D200B8520B /* Supporting Files */,
			);
			path = WealthLoading;
			sourceTree = "<group>";
		};
		1813209E1E9F73D200B8520B /* Supporting Files */ = {
			isa = PBXGroup;
			children = (
				1813209F1E9F73D200B8520B /* main.m */,
			);
			name = "Supporting Files";
			sourceTree = "<group>";
		};
		181320B51E9F743D00B8520B /* PopContentView */ = {
			isa = PBXGroup;
			children = (
				181320B61E9F743D00B8520B /* PopContentView.h */,
				181320B71E9F743D00B8520B /* PopContentView.m */,
			);
			path = PopContentView;
			sourceTree = "<group>";
		};
		181320B81E9F743D00B8520B /* ZZCircleProgress */ = {
			isa = PBXGroup;
			children = (
				181320B91E9F743D00B8520B /* NSTimer+timerBlock.h */,
				181320BA1E9F743D00B8520B /* NSTimer+timerBlock.m */,
				181320BB1E9F743D00B8520B /* ZZCircleProgress.bundle */,
				181320BC1E9F743D00B8520B /* ZZCircleProgress.h */,
				181320BD1E9F743D00B8520B /* ZZCircleProgress.m */,
			);
			path = ZZCircleProgress;
			sourceTree = "<group>";
		};
		28D2A790AE5C7EA628450771 /* Pods */ = {
			isa = PBXGroup;
			children = (
				FF5AF4E7B9A05824BA138D29 /* Pods-WealthLoading.debug.xcconfig */,
				14DC91FAA9E4331746668DDE /* Pods-WealthLoading.release.xcconfig */,
			);
			name = Pods;
			sourceTree = "<group>";
		};
		D711C95CB46563F16F024DCC /* Frameworks */ = {
			isa = PBXGroup;
			children = (
				253660829F535EBED4D0A077 /* libPods-WealthLoading.a */,
			);
			name = Frameworks;
			sourceTree = "<group>";
		};
/* End PBXGroup section */

/* Begin PBXNativeTarget section */
		1813209A1E9F73D200B8520B /* WealthLoading */ = {
			isa = PBXNativeTarget;
			buildConfigurationList = 181320B21E9F73D200B8520B /* Build configuration list for PBXNativeTarget "WealthLoading" */;
			buildPhases = (
				69B72122F8129ED4ECA0359D /* [CP] Check Pods Manifest.lock */,
				181320971E9F73D200B8520B /* Sources */,
				181320981E9F73D200B8520B /* Frameworks */,
				181320991E9F73D200B8520B /* Resources */,
				C1E02FE639DA314F655FC983 /* [CP] Embed Pods Frameworks */,
				B6FA26FD6B7C6FA8DDED4229 /* [CP] Copy Pods Resources */,
			);
			buildRules = (
			);
			dependencies = (
			);
			name = WealthLoading;
			productName = WealthLoading;
			productReference = 1813209B1E9F73D200B8520B /* WealthLoading.app */;
			productType = "com.apple.product-type.application";
		};
/* End PBXNativeTarget section */

/* Begin PBXProject section */
		181320931E9F73D200B8520B /* Project object */ = {
			isa = PBXProject;
			attributes = {
				LastUpgradeCheck = 0830;
				ORGANIZATIONNAME = fanxiaobin;
				TargetAttributes = {
					1813209A1E9F73D200B8520B = {
						CreatedOnToolsVersion = 8.3;
						DevelopmentTeam = EZC4Q938KY;
						ProvisioningStyle = Automatic;
					};
				};
			};
			buildConfigurationList = 181320961E9F73D200B8520B /* Build configuration list for PBXProject "WealthLoading" */;
			compatibilityVersion = "Xcode 3.2";
			developmentRegion = English;
			hasScannedForEncodings = 0;
			knownRegions = (
				en,
				Base,
			);
			mainGroup = 181320921E9F73D200B8520B;
			productRefGroup = 1813209C1E9F73D200B8520B /* Products */;
			projectDirPath = "";
			projectRoot = "";
			targets = (
				1813209A1E9F73D200B8520B /* WealthLoading */,
			);
		};
/* End PBXProject section */

/* Begin PBXResourcesBuildPhase section */
		181320991E9F73D200B8520B /* Resources */ = {
			isa = PBXResourcesBuildPhase;
			buildActionMask = 2147483647;
			files = (
				181320AE1E9F73D200B8520B /* LaunchScreen.storyboard in Resources */,
				181320AB1E9F73D200B8520B /* Assets.xcassets in Resources */,
				181320C01E9F743D00B8520B /* ZZCircleProgress.bundle in Resources */,
				181320A91E9F73D200B8520B /* Main.storyboard in Resources */,
			);
			runOnlyForDeploymentPostprocessing = 0;
		};
/* End PBXResourcesBuildPhase section */

/* Begin PBXShellScriptBuildPhase section */
		69B72122F8129ED4ECA0359D /* [CP] Check Pods Manifest.lock */ = {
			isa = PBXShellScriptBuildPhase;
			buildActionMask = 2147483647;
			files = (
			);
			inputPaths = (
			);
			name = "[CP] Check Pods Manifest.lock";
			outputPaths = (
			);
			runOnlyForDeploymentPostprocessing = 0;
			shellPath = /bin/sh;
			shellScript = "diff \"${PODS_ROOT}/../Podfile.lock\" \"${PODS_ROOT}/Manifest.lock\" > /dev/null\nif [ $? != 0 ] ; then\n    # print error to STDERR\n    echo \"error: The sandbox is not in sync with the Podfile.lock. Run 'pod install' or update your CocoaPods installation.\" >&2\n    exit 1\nfi\n";
			showEnvVarsInLog = 0;
		};
		B6FA26FD6B7C6FA8DDED4229 /* [CP] Copy Pods Resources */ = {
			isa = PBXShellScriptBuildPhase;
			buildActionMask = 2147483647;
			files = (
			);
			inputPaths = (
			);
			name = "[CP] Copy Pods Resources";
			outputPaths = (
			);
			runOnlyForDeploymentPostprocessing = 0;
			shellPath = /bin/sh;
			shellScript = "\"${SRCROOT}/Pods/Target Support Files/Pods-WealthLoading/Pods-WealthLoading-resources.sh\"\n";
			showEnvVarsInLog = 0;
		};
		C1E02FE639DA314F655FC983 /* [CP] Embed Pods Frameworks */ = {
			isa = PBXShellScriptBuildPhase;
			buildActionMask = 2147483647;
			files = (
			);
			inputPaths = (
			);
			name = "[CP] Embed Pods Frameworks";
			outputPaths = (
			);
			runOnlyForDeploymentPostprocessing = 0;
			shellPath = /bin/sh;
			shellScript = "\"${SRCROOT}/Pods/Target Support Files/Pods-WealthLoading/Pods-WealthLoading-frameworks.sh\"\n";
			showEnvVarsInLog = 0;
		};
/* End PBXShellScriptBuildPhase section */

/* Begin PBXSourcesBuildPhase section */
		181320971E9F73D200B8520B /* Sources */ = {
			isa = PBXSourcesBuildPhase;
			buildActionMask = 2147483647;
			files = (
				181320C91E9F745100B8520B /* LoadView.m in Sources */,
				181320BE1E9F743D00B8520B /* PopContentView.m in Sources */,
				181320A61E9F73D200B8520B /* ViewController.m in Sources */,
				181320C11E9F743D00B8520B /* ZZCircleProgress.m in Sources */,
				181320A31E9F73D200B8520B /* AppDelegate.m in Sources */,
				181320CA1E9F745100B8520B /* UIViewController+CircleLoading.m in Sources */,
				181320A01E9F73D200B8520B /* main.m in Sources */,
				181320C81E9F745100B8520B /* DemoViewController.m in Sources */,
				181320BF1E9F743D00B8520B /* NSTimer+timerBlock.m in Sources */,
			);
			runOnlyForDeploymentPostprocessing = 0;
		};
/* End PBXSourcesBuildPhase section */

/* Begin PBXVariantGroup section */
		181320A71E9F73D200B8520B /* Main.storyboard */ = {
			isa = PBXVariantGroup;
			children = (
				181320A81E9F73D200B8520B /* Base */,
			);
			name = Main.storyboard;
			sourceTree = "<group>";
		};
		181320AC1E9F73D200B8520B /* LaunchScreen.storyboard */ = {
			isa = PBXVariantGroup;
			children = (
				181320AD1E9F73D200B8520B /* Base */,
			);
			name = LaunchScreen.storyboard;
			sourceTree = "<group>";
		};
/* End PBXVariantGroup section */

/* Begin XCBuildConfiguration section */
		181320B01E9F73D200B8520B /* Debug */ = {
			isa = XCBuildConfiguration;
			buildSettings = {
				ALWAYS_SEARCH_USER_PATHS = NO;
				CLANG_ANALYZER_NONNULL = YES;
				CLANG_ANALYZER_NUMBER_OBJECT_CONVERSION = YES_AGGRESSIVE;
				CLANG_CXX_LANGUAGE_STANDARD = "gnu++0x";
				CLANG_CXX_LIBRARY = "libc++";
				CLANG_ENABLE_MODULES = YES;
				CLANG_ENABLE_OBJC_ARC = YES;
				CLANG_WARN_BOOL_CONVERSION = YES;
				CLANG_WARN_CONSTANT_CONVERSION = YES;
				CLANG_WARN_DIRECT_OBJC_ISA_USAGE = YES_ERROR;
				CLANG_WARN_DOCUMENTATION_COMMENTS = YES;
				CLANG_WARN_EMPTY_BODY = YES;
				CLANG_WARN_ENUM_CONVERSION = YES;
				CLANG_WARN_INFINITE_RECURSION = YES;
				CLANG_WARN_INT_CONVERSION = YES;
				CLANG_WARN_OBJC_ROOT_CLASS = YES_ERROR;
				CLANG_WARN_SUSPICIOUS_MOVE = YES;
				CLANG_WARN_UNREACHABLE_CODE = YES;
				CLANG_WARN__DUPLICATE_METHOD_MATCH = YES;
				"CODE_SIGN_IDENTITY[sdk=iphoneos*]" = "iPhone Developer";
				COPY_PHASE_STRIP = NO;
				DEBUG_INFORMATION_FORMAT = dwarf;
				ENABLE_STRICT_OBJC_MSGSEND = YES;
				ENABLE_TESTABILITY = YES;
				GCC_C_LANGUAGE_STANDARD = gnu99;
				GCC_DYNAMIC_NO_PIC = NO;
				GCC_NO_COMMON_BLOCKS = YES;
				GCC_OPTIMIZATION_LEVEL = 0;
				GCC_PREPROCESSOR_DEFINITIONS = (
					"DEBUG=1",
					"$(inherited)",
				);
				GCC_WARN_64_TO_32_BIT_CONVERSION = YES;
				GCC_WARN_ABOUT_RETURN_TYPE = YES_ERROR;
				GCC_WARN_UNDECLARED_SELECTOR = YES;
				GCC_WARN_UNINITIALIZED_AUTOS = YES_AGGRESSIVE;
				GCC_WARN_UNUSED_FUNCTION = YES;
				GCC_WARN_UNUSED_VARIABLE = YES;
				IPHONEOS_DEPLOYMENT_TARGET = 10.3;
				MTL_ENABLE_DEBUG_INFO = YES;
				ONLY_ACTIVE_ARCH = YES;
				SDKROOT = iphoneos;
				TARGETED_DEVICE_FAMILY = "1,2";
			};
			name = Debug;
		};
		181320B11E9F73D200B8520B /* Release */ = {
			isa = XCBuildConfiguration;
			buildSettings = {
				ALWAYS_SEARCH_USER_PATHS = NO;
				CLANG_ANALYZER_NONNULL = YES;
				CLANG_ANALYZER_NUMBER_OBJECT_CONVERSION = YES_AGGRESSIVE;
				CLANG_CXX_LANGUAGE_STANDARD = "gnu++0x";
				CLANG_CXX_LIBRARY = "libc++";
				CLANG_ENABLE_MODULES = YES;
				CLANG_ENABLE_OBJC_ARC = YES;
				CLANG_WARN_BOOL_CONVERSION = YES;
				CLANG_WARN_CONSTANT_CONVERSION = YES;
				CLANG_WARN_DIRECT_OBJC_ISA_USAGE = YES_ERROR;
				CLANG_WARN_DOCUMENTATION_COMMENTS = YES;
				CLANG_WARN_EMPTY_BODY = YES;
				CLANG_WARN_ENUM_CONVERSION = YES;
				CLANG_WARN_INFINITE_RECURSION = YES;
				CLANG_WARN_INT_CONVERSION = YES;
				CLANG_WARN_OBJC_ROOT_CLASS = YES_ERROR;
				CLANG_WARN_SUSPICIOUS_MOVE = YES;
				CLANG_WARN_UNREACHABLE_CODE = YES;
				CLANG_WARN__DUPLICATE_METHOD_MATCH = YES;
				"CODE_SIGN_IDENTITY[sdk=iphoneos*]" = "iPhone Developer";
				COPY_PHASE_STRIP = NO;
				DEBUG_INFORMATION_FORMAT = "dwarf-with-dsym";
				ENABLE_NS_ASSERTIONS = NO;
				ENABLE_STRICT_OBJC_MSGSEND = YES;
				GCC_C_LANGUAGE_STANDARD = gnu99;
				GCC_NO_COMMON_BLOCKS = YES;
				GCC_WARN_64_TO_32_BIT_CONVERSION = YES;
				GCC_WARN_ABOUT_RETURN_TYPE = YES_ERROR;
				GCC_WARN_UNDECLARED_SELECTOR = YES;
				GCC_WARN_UNINITIALIZED_AUTOS = YES_AGGRESSIVE;
				GCC_WARN_UNUSED_FUNCTION = YES;
				GCC_WARN_UNUSED_VARIABLE = YES;
				IPHONEOS_DEPLOYMENT_TARGET = 10.3;
				MTL_ENABLE_DEBUG_INFO = NO;
				SDKROOT = iphoneos;
				TARGETED_DEVICE_FAMILY = "1,2";
				VALIDATE_PRODUCT = YES;
			};
			name = Release;
		};
		181320B31E9F73D200B8520B /* Debug */ = {
			isa = XCBuildConfiguration;
			baseConfigurationReference = FF5AF4E7B9A05824BA138D29 /* Pods-WealthLoading.debug.xcconfig */;
			buildSettings = {
				ASSETCATALOG_COMPILER_APPICON_NAME = AppIcon;
				DEVELOPMENT_TEAM = EZC4Q938KY;
				INFOPLIST_FILE = WealthLoading/Info.plist;
				IPHONEOS_DEPLOYMENT_TARGET = 10.2;
				LD_RUNPATH_SEARCH_PATHS = "$(inherited) @executable_path/Frameworks";
				PRODUCT_BUNDLE_IDENTIFIER = fanxiaobin.WealthLoading;
				PRODUCT_NAME = "$(TARGET_NAME)";
			};
			name = Debug;
		};
		181320B41E9F73D200B8520B /* Release */ = {
			isa = XCBuildConfiguration;
			baseConfigurationReference = 14DC91FAA9E4331746668DDE /* Pods-WealthLoading.release.xcconfig */;
			buildSettings = {
				ASSETCATALOG_COMPILER_APPICON_NAME = AppIcon;
				DEVELOPMENT_TEAM = EZC4Q938KY;
				INFOPLIST_FILE = WealthLoading/Info.plist;
				IPHONEOS_DEPLOYMENT_TARGET = 10.2;
				LD_RUNPATH_SEARCH_PATHS = "$(inherited) @executable_path/Frameworks";
				PRODUCT_BUNDLE_IDENTIFIER = fanxiaobin.WealthLoading;
				PRODUCT_NAME = "$(TARGET_NAME)";
			};
			name = Release;
		};
/* End XCBuildConfiguration section */

/* Begin XCConfigurationList section */
		181320961E9F73D200B8520B /* Build configuration list for PBXProject "WealthLoading" */ = {
			isa = XCConfigurationList;
			buildConfigurations = (
				181320B01E9F73D200B8520B /* Debug */,
				181320B11E9F73D200B8520B /* Release */,
			);
			defaultConfigurationIsVisible = 0;
			defaultConfigurationName = Release;
		};
		181320B21E9F73D200B8520B /* Build configuration list for PBXNativeTarget "WealthLoading" */ = {
			isa = XCConfigurationList;
			buildConfigurations = (
				181320B31E9F73D200B8520B /* Debug */,
				181320B41E9F73D200B8520B /* Release */,
			);
			defaultConfigurationIsVisible = 0;
			defaultConfigurationName = Release;
		};
/* End XCConfigurationList section */
	};
	rootObject = 181320931E9F73D200B8520B /* Project object */;
}
